{
  "schemaVersion": 1,
  "pack": {
    "name": "boman-ng/agentpack",
    "version": "0.3.0"
  },
  "sources": [
    {
      "id": "academic-research-skills-codex",
      "kind": "git",
      "repository": "https://github.com/Imbad0202/academic-research-skills-codex.git",
      "license": "CC-BY-NC-4.0",
      "ref": "refs/heads/main"
    },
    {
      "id": "agent-browser",
      "kind": "git",
      "repository": "https://github.com/vercel-labs/agent-browser.git",
      "license": "Apache-2.0",
      "ref": "refs/heads/main"
    },
    {
      "id": "anysearch-mcp-server",
      "kind": "mcp-configuration",
      "repository": "https://github.com/anysearch-ai/anysearch-mcp-server.git",
      "license": "Apache-2.0",
      "commit": "f4ca4d4941e4c122be6522c1afc76012f1669654"
    },
    {
      "id": "boman-cleanup",
      "kind": "local",
      "repository": "https://github.com/boman-ng/agentpack",
      "license": "MIT",
      "root": "skills"
    },
    {
      "id": "emilkowalski-skills",
      "kind": "git",
      "repository": "https://github.com/emilkowalski/skills.git",
      "license": "MIT",
      "ref": "refs/heads/main"
    },
    {
      "id": "impeccable",
      "kind": "git",
      "repository": "https://github.com/pbakaus/impeccable.git",
      "license": "Apache-2.0",
      "ref": "refs/heads/main"
    }
  ],
  "artifacts": {
    "instructions": {
      "path": "instructions/global/AGENTS.md",
      "sha256": "49ff413b64377b086e7a3ae2847560136816166a095808b9fa86382ec55e81ed"
    },
    "skills": [
      {
        "id": "academic-research-suite",
        "name": "academic-research-suite",
        "category": "research",
        "domain": "academic",
        "path": "skills/academic-research-suite",
        "sourceId": "academic-research-skills-codex"
      },
      {
        "id": "agent-browser",
        "name": "agent-browser",
        "category": "automation",
        "domain": "browser",
        "path": "skills/agent-browser",
        "sourceId": "agent-browser"
      },
      {
        "id": "animate",
        "name": "animate",
        "category": "frontend",
        "domain": "motion",
        "path": "skills/animate",
        "sourceId": "emilkowalski-skills"
      },
      {
        "id": "animate-expo",
        "name": "animate-expo",
        "category": "mobile",
        "domain": "react-native",
        "path": "skills/animate-expo",
        "sourceId": "emilkowalski-skills"
      },
      {
        "id": "animation-vocabulary",
        "name": "animation-vocabulary",
        "category": "frontend",
        "domain": "motion",
        "path": "skills/animation-vocabulary",
        "sourceId": "emilkowalski-skills"
      },
      {
        "id": "apple-design",
        "name": "apple-design",
        "category": "frontend",
        "domain": "design",
        "path": "skills/apple-design",
        "sourceId": "emilkowalski-skills"
      },
      {
        "id": "ask-sonner",
        "name": "ask-sonner",
        "category": "frontend",
        "domain": "components",
        "path": "skills/ask-sonner",
        "sourceId": "emilkowalski-skills"
      },
      {
        "id": "cleanup",
        "name": "cleanup",
        "category": "maintenance",
        "domain": "code-quality",
        "path": "maintenance/code-quality/cleanup",
        "sourceId": "boman-cleanup",
        "sha256": "333f377eb438934a35ea9c37820e790856069d11001e510c893cb0ddf0fba366"
      },
      {
        "id": "emil-design-eng",
        "name": "emil-design-eng",
        "category": "frontend",
        "domain": "design",
        "path": "skills/emil-design-eng",
        "sourceId": "emilkowalski-skills"
      },
      {
        "id": "find-animation-opportunities",
        "name": "find-animation-opportunities",
        "category": "frontend",
        "domain": "motion",
        "path": "skills/find-animation-opportunities",
        "sourceId": "emilkowalski-skills"
      },
      {
        "id": "impeccable",
        "name": "impeccable",
        "category": "frontend",
        "domain": "design",
        "path": ".agents/skills/impeccable",
        "sourceId": "impeccable"
      },
      {
        "id": "improve-animations",
        "name": "improve-animations",
        "category": "frontend",
        "domain": "motion",
        "path": "skills/improve-animations",
        "sourceId": "emilkowalski-skills"
      },
      {
        "id": "pick-ui-library",
        "name": "pick-ui-library",
        "category": "frontend",
        "domain": "dependencies",
        "path": "skills/pick-ui-library",
        "sourceId": "emilkowalski-skills"
      },
      {
        "id": "prototype",
        "name": "prototype",
        "category": "frontend",
        "domain": "prototyping",
        "path": "skills/prototype",
        "sourceId": "emilkowalski-skills"
      },
      {
        "id": "review-animations",
        "name": "review-animations",
        "category": "frontend",
        "domain": "motion",
        "path": "skills/review-animations",
        "sourceId": "emilkowalski-skills"
      },
      {
        "id": "write-swift",
        "name": "write-swift",
        "category": "mobile",
        "domain": "apple",
        "path": "skills/write-swift",
        "sourceId": "emilkowalski-skills"
      }
    ],
    "mcp": [
      {
        "id": "anysearch",
        "path": "mcp/search/web/anysearch.yaml",
        "sourceId": "anysearch-mcp-server",
        "sha256": "1d07679467100f5670f8b1dd02a2b4d648acbb6d8900bc402696170b64ade446"
      }
    ],
    "profiles": [
      {
        "id": "coding",
        "path": "profiles/coding.yaml",
        "sha256": "9cc2ddcc118bff0442aa87c8427730a2618cda78415da355c5804e843e4bedff"
      },
      {
        "id": "frontend",
        "path": "profiles/frontend.yaml",
        "sha256": "ad74356a0d7dca2db60803ba6f6633401a56a5d6570956672530acc71aa103cb"
      },
      {
        "id": "full",
        "path": "profiles/full.yaml",
        "sha256": "520bbdd9b2881461d77747b2510359835ca4abc16d694c508b944704a5bfb8ae"
      },
      {
        "id": "minimal",
        "path": "profiles/minimal.yaml",
        "sha256": "6847a469d7c79ea68ce13bb966ccbd03dc433abafe74212c76a5ce4dd5777552"
      },
      {
        "id": "research",
        "path": "profiles/research.yaml",
        "sha256": "e5b10f93c14ef781648e7b981ec371b664f3931c0e86f07e1edf81b3b0145561"
      }
    ]
  }
}
